
Microsoft Visual Studio Solution File, Format Version 12.00
# Visual Studio Version 16
VisualStudioVersion = 16.0.32228.343
MinimumVisualStudioVersion = 10.0.40219.1
Project("{B1E792BE-AA5F-4E3C-8C82-674BF9C0715B}") = "TwinCAT Project Tesina", "TwinCAT Project Tesina\TwinCAT Project Tesina.tsproj", "{9DEED2D6-43BB-4102-88BF-89CD24ACB6B4}"
EndProject
Global
	GlobalSection(SolutionConfigurationPlatforms) = preSolution
		Debug|TwinCAT CE7 (ARMV7) = Debug|TwinCAT CE7 (ARMV7)
		Debug|TwinCAT OS (ARMT2) = Debug|TwinCAT OS (ARMT2)
		Debug|TwinCAT RT (x64) = Debug|TwinCAT RT (x64)
		Debug|TwinCAT RT (x86) = Debug|TwinCAT RT (x86)
		Release|TwinCAT CE7 (ARMV7) = Release|TwinCAT CE7 (ARMV7)
		Release|TwinCAT OS (ARMT2) = Release|TwinCAT OS (ARMT2)
		Release|TwinCAT RT (x64) = Release|TwinCAT RT (x64)
		Release|TwinCAT RT (x86) = Release|TwinCAT RT (x86)
	EndGlobalSection
	GlobalSection(ProjectConfigurationPlatforms) = postSolution
		{9DEED2D6-43BB-4102-88BF-89CD24ACB6B4}.Debug|TwinCAT CE7 (ARMV7).ActiveCfg = Debug|TwinCAT CE7 (ARMV7)
		{9DEED2D6-43BB-4102-88BF-89CD24ACB6B4}.Debug|TwinCAT CE7 (ARMV7).Build.0 = Debug|TwinCAT CE7 (ARMV7)
		{9DEED2D6-43BB-4102-88BF-89CD24ACB6B4}.Debug|TwinCAT OS (ARMT2).ActiveCfg = Debug|TwinCAT OS (ARMT2)
		{9DEED2D6-43BB-4102-88BF-89CD24ACB6B4}.Debug|TwinCAT OS (ARMT2).Build.0 = Debug|TwinCAT OS (ARMT2)
		{9DEED2D6-43BB-4102-88BF-89CD24ACB6B4}.Debug|TwinCAT RT (x64).ActiveCfg = Debug|TwinCAT RT (x64)
		{9DEED2D6-43BB-4102-88BF-89CD24ACB6B4}.Debug|TwinCAT RT (x64).Build.0 = Debug|TwinCAT RT (x64)
		{9DEED2D6-43BB-4102-88BF-89CD24ACB6B4}.Debug|TwinCAT RT (x86).ActiveCfg = Debug|TwinCAT RT (x86)
		{9DEED2D6-43BB-4102-88BF-89CD24ACB6B4}.Debug|TwinCAT RT (x86).Build.0 = Debug|TwinCAT RT (x86)
		{9DEED2D6-43BB-4102-88BF-89CD24ACB6B4}.Release|TwinCAT CE7 (ARMV7).ActiveCfg = Release|TwinCAT CE7 (ARMV7)
		{9DEED2D6-43BB-4102-88BF-89CD24ACB6B4}.Release|TwinCAT CE7 (ARMV7).Build.0 = Release|TwinCAT CE7 (ARMV7)
		{9DEED2D6-43BB-4102-88BF-89CD24ACB6B4}.Release|TwinCAT OS (ARMT2).ActiveCfg = Release|TwinCAT OS (ARMT2)
		{9DEED2D6-43BB-4102-88BF-89CD24ACB6B4}.Release|TwinCAT OS (ARMT2).Build.0 = Release|TwinCAT OS (ARMT2)
		{9DEED2D6-43BB-4102-88BF-89CD24ACB6B4}.Release|TwinCAT RT (x64).ActiveCfg = Release|TwinCAT RT (x64)
		{9DEED2D6-43BB-4102-88BF-89CD24ACB6B4}.Release|TwinCAT RT (x64).Build.0 = Release|TwinCAT RT (x64)
		{9DEED2D6-43BB-4102-88BF-89CD24ACB6B4}.Release|TwinCAT RT (x86).ActiveCfg = Release|TwinCAT RT (x86)
		{9DEED2D6-43BB-4102-88BF-89CD24ACB6B4}.Release|TwinCAT RT (x86).Build.0 = Release|TwinCAT RT (x86)
		{B8A2C392-8B9E-4488-BD67-3B091B902707}.Debug|TwinCAT CE7 (ARMV7).ActiveCfg = Debug|TwinCAT CE7 (ARMV7)
		{B8A2C392-8B9E-4488-BD67-3B091B902707}.Debug|TwinCAT CE7 (ARMV7).Build.0 = Debug|TwinCAT CE7 (ARMV7)
		{B8A2C392-8B9E-4488-BD67-3B091B902707}.Debug|TwinCAT OS (ARMT2).ActiveCfg = Debug|TwinCAT OS (ARMT2)
		{B8A2C392-8B9E-4488-BD67-3B091B902707}.Debug|TwinCAT OS (ARMT2).Build.0 = Debug|TwinCAT OS (ARMT2)
		{B8A2C392-8B9E-4488-BD67-3B091B902707}.Debug|TwinCAT RT (x64).ActiveCfg = Debug|TwinCAT RT (x64)
		{B8A2C392-8B9E-4488-BD67-3B091B902707}.Debug|TwinCAT RT (x64).Build.0 = Debug|TwinCAT RT (x64)
		{B8A2C392-8B9E-4488-BD67-3B091B902707}.Debug|TwinCAT RT (x86).ActiveCfg = Debug|TwinCAT RT (x86)
		{B8A2C392-8B9E-4488-BD67-3B091B902707}.Debug|TwinCAT RT (x86).Build.0 = Debug|TwinCAT RT (x86)
		{B8A2C392-8B9E-4488-BD67-3B091B902707}.Release|TwinCAT CE7 (ARMV7).ActiveCfg = Release|TwinCAT CE7 (ARMV7)
		{B8A2C392-8B9E-4488-BD67-3B091B902707}.Release|TwinCAT CE7 (ARMV7).Build.0 = Release|TwinCAT CE7 (ARMV7)
		{B8A2C392-8B9E-4488-BD67-3B091B902707}.Release|TwinCAT OS (ARMT2).ActiveCfg = Release|TwinCAT OS (ARMT2)
		{B8A2C392-8B9E-4488-BD67-3B091B902707}.Release|TwinCAT OS (ARMT2).Build.0 = Release|TwinCAT OS (ARMT2)
		{B8A2C392-8B9E-4488-BD67-3B091B902707}.Release|TwinCAT RT (x64).ActiveCfg = Release|TwinCAT RT (x64)
		{B8A2C392-8B9E-4488-BD67-3B091B902707}.Release|TwinCAT RT (x64).Build.0 = Release|TwinCAT RT (x64)
		{B8A2C392-8B9E-4488-BD67-3B091B902707}.Release|TwinCAT RT (x86).ActiveCfg = Release|TwinCAT RT (x86)
		{B8A2C392-8B9E-4488-BD67-3B091B902707}.Release|TwinCAT RT (x86).Build.0 = Release|TwinCAT RT (x86)
	EndGlobalSection
	GlobalSection(SolutionProperties) = preSolution
		HideSolutionNode = FALSE
	EndGlobalSection
	GlobalSection(ExtensibilityGlobals) = postSolution
		SolutionGuid = {B0EDED98-9091-4274-925F-AAF08FF91F00}
	EndGlobalSection
EndGlobal
